
Microsoft Visual Studio Solution File, Format Version 12.00
# Visual Studio Version 17
VisualStudioVersion = 17.9.34728.123
MinimumVisualStudioVersion = 10.0.40219.1
Project("{9A19103F-16F7-4668-BE54-9A1E7A4F7556}") = "SF_Module_3", "SF_Module_3\SF_Module_3.csproj", "{3BDFA4B0-1D50-40E0-A105-125C109DAECA}"
EndProject
Project("{9A19103F-16F7-4668-BE54-9A1E7A4F7556}") = "Task 3_3_2", "Task 3_3_2\Task 3_3_2.csproj", "{01F87491-9249-4C06-A34D-C39D9CD199E7}"
EndProject
Project("{FAE04EC0-301F-11D3-BF4B-00C04F79EFBC}") = "ModuleFinalPractice", "ModuleFinalPractice\ModuleFinalPractice.csproj", "{3B376DCF-6010-4BC4-8C6E-63FD1A149F7E}"
EndProject
Global
	GlobalSection(SolutionConfigurationPlatforms) = preSolution
		Debug|Any CPU = Debug|Any CPU
		Release|Any CPU = Release|Any CPU
	EndGlobalSection
	GlobalSection(ProjectConfigurationPlatforms) = postSolution
		{3BDFA4B0-1D50-40E0-A105-125C109DAECA}.Debug|Any CPU.ActiveCfg = Debug|Any CPU
		{3BDFA4B0-1D50-40E0-A105-125C109DAECA}.Debug|Any CPU.Build.0 = Debug|Any CPU
		{3BDFA4B0-1D50-40E0-A105-125C109DAECA}.Release|Any CPU.ActiveCfg = Release|Any CPU
		{3BDFA4B0-1D50-40E0-A105-125C109DAECA}.Release|Any CPU.Build.0 = Release|Any CPU
		{01F87491-9249-4C06-A34D-C39D9CD199E7}.Debug|Any CPU.ActiveCfg = Debug|Any CPU
		{01F87491-9249-4C06-A34D-C39D9CD199E7}.Debug|Any CPU.Build.0 = Debug|Any CPU
		{01F87491-9249-4C06-A34D-C39D9CD199E7}.Release|Any CPU.ActiveCfg = Release|Any CPU
		{01F87491-9249-4C06-A34D-C39D9CD199E7}.Release|Any CPU.Build.0 = Release|Any CPU
		{3B376DCF-6010-4BC4-8C6E-63FD1A149F7E}.Debug|Any CPU.ActiveCfg = Debug|Any CPU
		{3B376DCF-6010-4BC4-8C6E-63FD1A149F7E}.Debug|Any CPU.Build.0 = Debug|Any CPU
		{3B376DCF-6010-4BC4-8C6E-63FD1A149F7E}.Release|Any CPU.ActiveCfg = Release|Any CPU
		{3B376DCF-6010-4BC4-8C6E-63FD1A149F7E}.Release|Any CPU.Build.0 = Release|Any CPU
	EndGlobalSection
	GlobalSection(SolutionProperties) = preSolution
		HideSolutionNode = FALSE
	EndGlobalSection
	GlobalSection(ExtensibilityGlobals) = postSolution
		SolutionGuid = {072945C7-005D-4155-815C-02483F6C9EC9}
	EndGlobalSection
EndGlobal
